
Microsoft Visual Studio Solution File, Format Version 12.00
# Visual Studio Version 17
VisualStudioVersion = 17.11.35219.272
MinimumVisualStudioVersion = 10.0.40219.1
Project("{FAE04EC0-301F-11D3-BF4B-00C04F79EFBC}") = "Week_5", "Week_5\Week_5.csproj", "{28FAC0ED-3699-447C-83CE-92BD1C37512B}"
EndProject
Global
	GlobalSection(SolutionConfigurationPlatforms) = preSolution
		Debug|Any CPU = Debug|Any CPU
		Release|Any CPU = Release|Any CPU
	EndGlobalSection
	GlobalSection(ProjectConfigurationPlatforms) = postSolution
		{28FAC0ED-3699-447C-83CE-92BD1C37512B}.Debug|Any CPU.ActiveCfg = Debug|Any CPU
		{28FAC0ED-3699-447C-83CE-92BD1C37512B}.Debug|Any CPU.Build.0 = Debug|Any CPU
		{28FAC0ED-3699-447C-83CE-92BD1C37512B}.Release|Any CPU.ActiveCfg = Release|Any CPU
		{28FAC0ED-3699-447C-83CE-92BD1C37512B}.Release|Any CPU.Build.0 = Release|Any CPU
	EndGlobalSection
	GlobalSection(SolutionProperties) = preSolution
		HideSolutionNode = FALSE
	EndGlobalSection
	GlobalSection(ExtensibilityGlobals) = postSolution
		SolutionGuid = {B78C8CB9-58D6-4FB6-B885-20008BAF0172}
	EndGlobalSection
EndGlobal
