
Microsoft Visual Studio Solution File, Format Version 12.00
# Visual Studio Version 17
VisualStudioVersion = 17.11.35327.3
MinimumVisualStudioVersion = 10.0.40219.1
Project("{FAE04EC0-301F-11D3-BF4B-00C04F79EFBC}") = "Week_9_3", "Week_9_3\Week_9_3.csproj", "{04D38811-F0CB-4E2E-AB47-9221567EB3B9}"
EndProject
Global
	GlobalSection(SolutionConfigurationPlatforms) = preSolution
		Debug|Any CPU = Debug|Any CPU
		Release|Any CPU = Release|Any CPU
	EndGlobalSection
	GlobalSection(ProjectConfigurationPlatforms) = postSolution
		{04D38811-F0CB-4E2E-AB47-9221567EB3B9}.Debug|Any CPU.ActiveCfg = Debug|Any CPU
		{04D38811-F0CB-4E2E-AB47-9221567EB3B9}.Debug|Any CPU.Build.0 = Debug|Any CPU
		{04D38811-F0CB-4E2E-AB47-9221567EB3B9}.Release|Any CPU.ActiveCfg = Release|Any CPU
		{04D38811-F0CB-4E2E-AB47-9221567EB3B9}.Release|Any CPU.Build.0 = Release|Any CPU
	EndGlobalSection
	GlobalSection(SolutionProperties) = preSolution
		HideSolutionNode = FALSE
	EndGlobalSection
	GlobalSection(ExtensibilityGlobals) = postSolution
		SolutionGuid = {73C81849-E63E-4D5D-9759-B9099C974AD4}
	EndGlobalSection
EndGlobal
