
Microsoft Visual Studio Solution File, Format Version 12.00
# Visual Studio Version 17
VisualStudioVersion = 17.11.35327.3
MinimumVisualStudioVersion = 10.0.40219.1
Project("{FAE04EC0-301F-11D3-BF4B-00C04F79EFBC}") = "Week_9_2", "Week_9_2\Week_9_2.csproj", "{501E3E20-46C3-4BA2-A328-63E022523FA1}"
EndProject
Global
	GlobalSection(SolutionConfigurationPlatforms) = preSolution
		Debug|Any CPU = Debug|Any CPU
		Release|Any CPU = Release|Any CPU
	EndGlobalSection
	GlobalSection(ProjectConfigurationPlatforms) = postSolution
		{501E3E20-46C3-4BA2-A328-63E022523FA1}.Debug|Any CPU.ActiveCfg = Debug|Any CPU
		{501E3E20-46C3-4BA2-A328-63E022523FA1}.Debug|Any CPU.Build.0 = Debug|Any CPU
		{501E3E20-46C3-4BA2-A328-63E022523FA1}.Release|Any CPU.ActiveCfg = Release|Any CPU
		{501E3E20-46C3-4BA2-A328-63E022523FA1}.Release|Any CPU.Build.0 = Release|Any CPU
	EndGlobalSection
	GlobalSection(SolutionProperties) = preSolution
		HideSolutionNode = FALSE
	EndGlobalSection
	GlobalSection(ExtensibilityGlobals) = postSolution
		SolutionGuid = {94CBFBED-0052-4010-8F76-C3366AB9400A}
	EndGlobalSection
EndGlobal
