
Microsoft Visual Studio Solution File, Format Version 12.00
# Visual Studio Version 17
VisualStudioVersion = 17.11.35219.272
MinimumVisualStudioVersion = 10.0.40219.1
Project("{FAE04EC0-301F-11D3-BF4B-00C04F79EFBC}") = "Week_2", "Week_2\Week_2.csproj", "{9B9F91D0-41F3-427D-BB90-82D4063A784E}"
EndProject
Global
	GlobalSection(SolutionConfigurationPlatforms) = preSolution
		Debug|Any CPU = Debug|Any CPU
		Release|Any CPU = Release|Any CPU
	EndGlobalSection
	GlobalSection(ProjectConfigurationPlatforms) = postSolution
		{9B9F91D0-41F3-427D-BB90-82D4063A784E}.Debug|Any CPU.ActiveCfg = Debug|Any CPU
		{9B9F91D0-41F3-427D-BB90-82D4063A784E}.Debug|Any CPU.Build.0 = Debug|Any CPU
		{9B9F91D0-41F3-427D-BB90-82D4063A784E}.Release|Any CPU.ActiveCfg = Release|Any CPU
		{9B9F91D0-41F3-427D-BB90-82D4063A784E}.Release|Any CPU.Build.0 = Release|Any CPU
	EndGlobalSection
	GlobalSection(SolutionProperties) = preSolution
		HideSolutionNode = FALSE
	EndGlobalSection
	GlobalSection(ExtensibilityGlobals) = postSolution
		SolutionGuid = {455D747A-26DE-4C03-81B5-E3D6DF974F38}
	EndGlobalSection
EndGlobal
