
Microsoft Visual Studio Solution File, Format Version 12.00
# Visual Studio Version 17
VisualStudioVersion = 17.11.35312.102
MinimumVisualStudioVersion = 10.0.40219.1
Project("{FAE04EC0-301F-11D3-BF4B-00C04F79EFBC}") = "Week_7_4", "Week_7_4\Week_7_4.csproj", "{06DB1740-5DB5-4E5E-82C4-4F738EA34FCA}"
EndProject
Global
	GlobalSection(SolutionConfigurationPlatforms) = preSolution
		Debug|Any CPU = Debug|Any CPU
		Release|Any CPU = Release|Any CPU
	EndGlobalSection
	GlobalSection(ProjectConfigurationPlatforms) = postSolution
		{06DB1740-5DB5-4E5E-82C4-4F738EA34FCA}.Debug|Any CPU.ActiveCfg = Debug|Any CPU
		{06DB1740-5DB5-4E5E-82C4-4F738EA34FCA}.Debug|Any CPU.Build.0 = Debug|Any CPU
		{06DB1740-5DB5-4E5E-82C4-4F738EA34FCA}.Release|Any CPU.ActiveCfg = Release|Any CPU
		{06DB1740-5DB5-4E5E-82C4-4F738EA34FCA}.Release|Any CPU.Build.0 = Release|Any CPU
	EndGlobalSection
	GlobalSection(SolutionProperties) = preSolution
		HideSolutionNode = FALSE
	EndGlobalSection
	GlobalSection(ExtensibilityGlobals) = postSolution
		SolutionGuid = {742624E1-6CEB-42E5-BE0F-46C6BF26F93C}
	EndGlobalSection
EndGlobal
