
Microsoft Visual Studio Solution File, Format Version 12.00
# Visual Studio Version 17
VisualStudioVersion = 17.11.35327.3
MinimumVisualStudioVersion = 10.0.40219.1
Project("{FAE04EC0-301F-11D3-BF4B-00C04F79EFBC}") = "BUS", "BUS\BUS.csproj", "{F7DAF8C3-9C65-4E35-8A31-491AF6645FAD}"
EndProject
Project("{FAE04EC0-301F-11D3-BF4B-00C04F79EFBC}") = "GUI", "GUI\GUI.csproj", "{8A27B1A7-9BCD-4131-A346-04323568E128}"
EndProject
Project("{FAE04EC0-301F-11D3-BF4B-00C04F79EFBC}") = "DAL", "DAL\DAL.csproj", "{C1D10CA6-EAEA-4BB6-886B-B4826A09F13F}"
EndProject
Project("{FAE04EC0-301F-11D3-BF4B-00C04F79EFBC}") = "DTO", "DTO\DTO.csproj", "{24E58D90-43F4-4739-B578-9CAD88AFE935}"
EndProject
Global
	GlobalSection(SolutionConfigurationPlatforms) = preSolution
		Debug|Any CPU = Debug|Any CPU
		Release|Any CPU = Release|Any CPU
	EndGlobalSection
	GlobalSection(ProjectConfigurationPlatforms) = postSolution
		{F7DAF8C3-9C65-4E35-8A31-491AF6645FAD}.Debug|Any CPU.ActiveCfg = Debug|Any CPU
		{F7DAF8C3-9C65-4E35-8A31-491AF6645FAD}.Debug|Any CPU.Build.0 = Debug|Any CPU
		{F7DAF8C3-9C65-4E35-8A31-491AF6645FAD}.Release|Any CPU.ActiveCfg = Release|Any CPU
		{F7DAF8C3-9C65-4E35-8A31-491AF6645FAD}.Release|Any CPU.Build.0 = Release|Any CPU
		{8A27B1A7-9BCD-4131-A346-04323568E128}.Debug|Any CPU.ActiveCfg = Debug|Any CPU
		{8A27B1A7-9BCD-4131-A346-04323568E128}.Debug|Any CPU.Build.0 = Debug|Any CPU
		{8A27B1A7-9BCD-4131-A346-04323568E128}.Release|Any CPU.ActiveCfg = Release|Any CPU
		{8A27B1A7-9BCD-4131-A346-04323568E128}.Release|Any CPU.Build.0 = Release|Any CPU
		{C1D10CA6-EAEA-4BB6-886B-B4826A09F13F}.Debug|Any CPU.ActiveCfg = Debug|Any CPU
		{C1D10CA6-EAEA-4BB6-886B-B4826A09F13F}.Debug|Any CPU.Build.0 = Debug|Any CPU
		{C1D10CA6-EAEA-4BB6-886B-B4826A09F13F}.Release|Any CPU.ActiveCfg = Release|Any CPU
		{C1D10CA6-EAEA-4BB6-886B-B4826A09F13F}.Release|Any CPU.Build.0 = Release|Any CPU
		{24E58D90-43F4-4739-B578-9CAD88AFE935}.Debug|Any CPU.ActiveCfg = Debug|Any CPU
		{24E58D90-43F4-4739-B578-9CAD88AFE935}.Debug|Any CPU.Build.0 = Debug|Any CPU
		{24E58D90-43F4-4739-B578-9CAD88AFE935}.Release|Any CPU.ActiveCfg = Release|Any CPU
		{24E58D90-43F4-4739-B578-9CAD88AFE935}.Release|Any CPU.Build.0 = Release|Any CPU
	EndGlobalSection
	GlobalSection(SolutionProperties) = preSolution
		HideSolutionNode = FALSE
	EndGlobalSection
	GlobalSection(ExtensibilityGlobals) = postSolution
		SolutionGuid = {9043B3CB-CD7F-4B59-8B8E-50B7EE6ECCBC}
	EndGlobalSection
EndGlobal
